<?xml version="1.0" encoding="utf-8"?>
<Project ToolsVersion="4.0" xmlns="http://schemas.microsoft.com/developer/msbuild/2003">
  <ItemGroup>
    <Filter Include="gui">
      <UniqueIdentifier>{741e814d-79b8-424f-9878-aa3c4be18451}</UniqueIdentifier>
    </Filter>
    <Filter Include="res">
      <UniqueIdentifier>{93995380-89BD-4b04-88EB-625FBE52EBFB}</UniqueIdentifier>
      <Extensions>
      </Extensions>
      <ParseFiles>true</ParseFiles>
    </Filter>
    <Filter Include="src-main">
      <UniqueIdentifier>{044e2a02-e7a0-4358-8323-99eea5770ded}</UniqueIdentifier>
    </Filter>
    <Filter Include="Localization">
      <UniqueIdentifier>{6198b329-1f86-414d-ac2e-25caae72a270}</UniqueIdentifier>
    </Filter>
    <Filter Include="extern">
      <UniqueIdentifier>{59809dfb-a43c-402f-bdd2-47ed84ea720b}</UniqueIdentifier>
    </Filter>
    <Filter Include="swtools">
      <UniqueIdentifier>{bb9fd656-8b85-4533-9c79-7b43876b9135}</UniqueIdentifier>
    </Filter>
    <Filter Include="extern\fmt">
      <UniqueIdentifier>{a657321d-fca9-4813-9978-95f6f7fb2d5d}</UniqueIdentifier>
    </Filter>
  </ItemGroup>
  <ItemGroup>
    <ClInclude Include="Resource.h">
      <Filter>res</Filter>
    </ClInclude>
    <ClInclude Include="Hooker.h">
      <Filter>src-main</Filter>
    </ClInclude>
    <ClInclude Include="consts.h">
      <Filter>src-main</Filter>
    </ClInclude>
    <ClInclude Include="resource1.h">
      <Filter>res</Filter>
    </ClInclude>
    <ClInclude Include="SwGui.h">
      <Filter>gui</Filter>
    </ClInclude>
    <ClInclude Include="sw-base.h">
      <Filter>swtools</Filter>
    </ClInclude>
    <ClInclude Include="SwShared.h">
      <Filter>swtools</Filter>
    </ClInclude>
    <ClInclude Include="SwUtils.h">
      <Filter>swtools</Filter>
    </ClInclude>
    <ClInclude Include="KeysStruct.h">
      <Filter>swtools</Filter>
    </ClInclude>
    <ClInclude Include="stdafx.h">
      <Filter>src-main</Filter>
    </ClInclude>
    <ClInclude Include="InputSender.h">
      <Filter>swtools</Filter>
    </ClInclude>
    <ClInclude Include="CAutoProcMonitor.h">
      <Filter>swtools</Filter>
    </ClInclude>
    <ClInclude Include="SimpleSwitcher.h">
      <Filter>src-main</Filter>
    </ClInclude>
    <ClInclude Include="swlocal.h">
      <Filter>Localization</Filter>
    </ClInclude>
    <ClInclude Include="Settings.h">
      <Filter>src-main</Filter>
    </ClInclude>
    <ClInclude Include="CaseAnalazer.h">
      <Filter>src-main</Filter>
    </ClInclude>
    <ClInclude Include="LuaConfig.h">
      <Filter>src-main</Filter>
    </ClInclude>
    <ClInclude Include="..\libtools\FileCrc.h" />
    <ClInclude Include="targetver.h">
      <Filter>src-main</Filter>
    </ClInclude>
    <ClInclude Include="SwAutostart.h">
      <Filter>swtools</Filter>
    </ClInclude>
    <ClInclude Include="KeyTools.h">
      <Filter>src-main</Filter>
    </ClInclude>
    <ClInclude Include="HookerWorker.h">
      <Filter>src-main</Filter>
    </ClInclude>
    <ClInclude Include="CMainWorker.h">
      <Filter>src-main</Filter>
    </ClInclude>
    <ClInclude Include="CClipWorker.h">
      <Filter>src-main</Filter>
    </ClInclude>
    <ClInclude Include="ProcDll.h">
      <Filter>src-main</Filter>
    </ClInclude>
    <ClInclude Include="ver.h">
      <Filter>src-main</Filter>
    </ClInclude>
    <ClInclude Include="Encrypter.h">
      <Filter>src-main</Filter>
    </ClInclude>
  </ItemGroup>
  <ItemGroup>
    <ClCompile Include="main.cpp">
      <Filter>src-main</Filter>
    </ClCompile>
    <ClCompile Include="Hooker.cpp">
      <Filter>src-main</Filter>
    </ClCompile>
    <ClCompile Include="stdafx.cpp">
      <Filter>res</Filter>
    </ClCompile>
    <ClCompile Include="SwUtils.cpp">
      <Filter>swtools</Filter>
    </ClCompile>
    <ClCompile Include="mainmenu.cpp">
      <Filter>gui</Filter>
    </ClCompile>
    <ClCompile Include="pagebreak.cpp">
      <Filter>gui</Filter>
    </ClCompile>
    <ClCompile Include="pagemain.cpp">
      <Filter>gui</Filter>
    </ClCompile>
    <ClCompile Include="dlghotkey.cpp">
      <Filter>gui</Filter>
    </ClCompile>
    <ClCompile Include="pageadv.cpp">
      <Filter>gui</Filter>
    </ClCompile>
    <ClCompile Include="pagelay.cpp">
      <Filter>gui</Filter>
    </ClCompile>
    <ClCompile Include="SimpleSwitcher.cpp">
      <Filter>src-main</Filter>
    </ClCompile>
    <ClCompile Include="swlocal.cpp">
      <Filter>Localization</Filter>
    </ClCompile>
    <ClCompile Include="msg_ru.cpp">
      <Filter>Localization</Filter>
    </ClCompile>
    <ClCompile Include="msg_en.cpp">
      <Filter>Localization</Filter>
    </ClCompile>
    <ClCompile Include="pagelang.cpp">
      <Filter>gui</Filter>
    </ClCompile>
    <ClCompile Include="Settings.cpp">
      <Filter>src-main</Filter>
    </ClCompile>
    <ClCompile Include="pageclip.cpp">
      <Filter>gui</Filter>
    </ClCompile>
    <ClCompile Include="pagewordsep.cpp">
      <Filter>gui</Filter>
    </ClCompile>
    <ClCompile Include="LuaConfig.cpp">
      <Filter>src-main</Filter>
    </ClCompile>
    <ClCompile Include="pageabout.cpp">
      <Filter>gui</Filter>
    </ClCompile>
    <ClCompile Include="KeyTools.cpp">
      <Filter>src-main</Filter>
    </ClCompile>
    <ClCompile Include="CMainWorker.cpp">
      <Filter>src-main</Filter>
    </ClCompile>
    <ClCompile Include="extern\fmt\format.cc">
      <Filter>extern\fmt</Filter>
    </ClCompile>
  </ItemGroup>
  <ItemGroup>
    <Image Include="favicon.ico">
      <Filter>res</Filter>
    </Image>
  </ItemGroup>
  <ItemGroup>
    <ResourceCompile Include="SimpleSwitcher.rc">
      <Filter>res</Filter>
    </ResourceCompile>
  </ItemGroup>
  <ItemGroup>
    <None Include="version.rc2">
      <Filter>res</Filter>
    </None>
  </ItemGroup>
  <ItemGroup>
    <Manifest Include="simpleswitcher.manifest" />
  </ItemGroup>
</Project>