<?xml version="1.0" encoding="utf-8"?>
<Project ToolsVersion="4.0" xmlns="http://schemas.microsoft.com/developer/msbuild/2003">
  <ItemGroup>
    <Filter Include="Resource Files">
      <UniqueIdentifier>{D9D6E242-F8AF-46E4-B9FD-80ECBC20BA3E}</UniqueIdentifier>
      <Extensions>qrc;*</Extensions>
      <ParseFiles>false</ParseFiles>
    </Filter>
    <Filter Include="Resource Files">
      <UniqueIdentifier>{D9D6E242-F8AF-46E4-B9FD-80ECBC20BA3E}</UniqueIdentifier>
      <Extensions>qrc;*</Extensions>
      <ParseFiles>false</ParseFiles>
    </Filter>
    <Filter Include="gui_qt">
      <UniqueIdentifier>{ff62cf85-7d9b-4e95-bff3-0163071536e0}</UniqueIdentifier>
    </Filter>
    <Filter Include="main">
      <UniqueIdentifier>{2320990c-4347-4003-bec7-5ba454267771}</UniqueIdentifier>
    </Filter>
    <Filter Include="swtools">
      <UniqueIdentifier>{371c263d-b1fa-4e49-a05c-39c4bdda7534}</UniqueIdentifier>
    </Filter>
    <Filter Include="Localization">
      <UniqueIdentifier>{a216e096-c08e-4bd1-af4a-2a6e46e1ce04}</UniqueIdentifier>
    </Filter>
    <Filter Include="gui_winapi">
      <UniqueIdentifier>{d73728fb-4609-49ce-92f9-33fe835fb9e0}</UniqueIdentifier>
    </Filter>
    <Filter Include="extern">
      <UniqueIdentifier>{7a61cf1d-b189-49ed-93a8-ccba0c80ba94}</UniqueIdentifier>
    </Filter>
    <Filter Include="extern\fmt">
      <UniqueIdentifier>{9ec1e636-dc6e-4e9d-b134-13e1f4054fb8}</UniqueIdentifier>
    </Filter>
    <Filter Include="Header Files">
      <UniqueIdentifier>{93995380-89BD-4b04-88EB-625FBE52EBFB}</UniqueIdentifier>
      <Extensions>h;hh;hpp;hxx;hm;inl;inc;xsd</Extensions>
      <ParseFiles>true</ParseFiles>
    </Filter>
    <Filter Include="Source Files">
      <UniqueIdentifier>{4FC737F1-C7A5-4376-A066-2A32D752A2FF}</UniqueIdentifier>
      <Extensions>cpp;c;cc;cxx;def;odl;idl;hpj;bat;asm;asmx</Extensions>
      <ParseFiles>true</ParseFiles>
    </Filter>
    <Filter Include="Form Files">
      <UniqueIdentifier>{99349809-55BA-4b9d-BF79-8FDBB0286EB3}</UniqueIdentifier>
      <Extensions>ui</Extensions>
      <ParseFiles>true</ParseFiles>
    </Filter>
  </ItemGroup>
  <ItemGroup>
    <ClCompile Include="SimpleSwitcherQt.cpp">
      <Filter>gui_qt</Filter>
    </ClCompile>
    <ClCompile Include="main.cpp">
      <Filter>main</Filter>
    </ClCompile>
    <ClCompile Include="stdafx.cpp">
      <Filter>main</Filter>
    </ClCompile>
    <ClCompile Include="SwUtils.cpp">
      <Filter>swtools</Filter>
    </ClCompile>
    <ClCompile Include="msg_en.cpp">
      <Filter>Localization</Filter>
    </ClCompile>
    <ClCompile Include="msg_ru.cpp">
      <Filter>Localization</Filter>
    </ClCompile>
    <ClCompile Include="swlocal.cpp">
      <Filter>Localization</Filter>
    </ClCompile>
    <ClCompile Include="pageabout.cpp">
      <Filter>gui_winapi</Filter>
    </ClCompile>
    <ClCompile Include="dlghotkey.cpp">
      <Filter>gui_winapi</Filter>
    </ClCompile>
    <ClCompile Include="mainmenu.cpp">
      <Filter>gui_winapi</Filter>
    </ClCompile>
    <ClCompile Include="pageclip.cpp">
      <Filter>gui_winapi</Filter>
    </ClCompile>
    <ClCompile Include="pagelang.cpp">
      <Filter>gui_winapi</Filter>
    </ClCompile>
    <ClCompile Include="pagewordsep.cpp">
      <Filter>gui_winapi</Filter>
    </ClCompile>
    <ClCompile Include="pageadv.cpp">
      <Filter>gui_winapi</Filter>
    </ClCompile>
    <ClCompile Include="pagelay.cpp">
      <Filter>gui_winapi</Filter>
    </ClCompile>
    <ClCompile Include="pagemain.cpp">
      <Filter>gui_winapi</Filter>
    </ClCompile>
    <ClCompile Include="pagebreak.cpp">
      <Filter>gui_winapi</Filter>
    </ClCompile>
    <ClCompile Include="extern\fmt\format.cc">
      <Filter>extern\fmt</Filter>
    </ClCompile>
    <ClCompile Include="CMainWorker.cpp">
      <Filter>main</Filter>
    </ClCompile>
    <ClCompile Include="Hooker.cpp">
      <Filter>main</Filter>
    </ClCompile>
    <ClCompile Include="KeyTools.cpp">
      <Filter>main</Filter>
    </ClCompile>
    <ClCompile Include="LuaConfig.cpp">
      <Filter>main</Filter>
    </ClCompile>
    <ClCompile Include="Settings.cpp">
      <Filter>main</Filter>
    </ClCompile>
    <ClCompile Include="SimpleSwitcher.cpp">
      <Filter>main</Filter>
    </ClCompile>
    <ClCompile Include="ChangeHotKeyFrame.cpp">
      <Filter>gui_qt</Filter>
    </ClCompile>
    <ClCompile Include="QLineHotKey.cpp">
      <Filter>gui_qt</Filter>
    </ClCompile>
  </ItemGroup>
  <ItemGroup>
    <QtRcc Include="SimpleSwitcherQt.qrc">
      <Filter>Resource Files</Filter>
    </QtRcc>
  </ItemGroup>
  <ItemGroup>
    <QtMoc Include="SimpleSwitcherQt.h">
      <Filter>gui_qt</Filter>
    </QtMoc>
    <QtMoc Include="ChangeHotKeyFrame.h">
      <Filter>gui_qt</Filter>
    </QtMoc>
    <QtMoc Include="QLineHotKey.h">
      <Filter>gui_qt</Filter>
    </QtMoc>
  </ItemGroup>
  <ItemGroup>
    <QtUic Include="SimpleSwitcherQt.ui">
      <Filter>gui_qt</Filter>
    </QtUic>
    <QtUic Include="ChangeHotKeyFrame.ui">
      <Filter>gui_qt</Filter>
    </QtUic>
  </ItemGroup>
  <ItemGroup>
    <ClInclude Include="stdafx.h">
      <Filter>main</Filter>
    </ClInclude>
    <ClInclude Include="CAutoProcMonitor.h">
      <Filter>swtools</Filter>
    </ClInclude>
    <ClInclude Include="InputSender.h">
      <Filter>swtools</Filter>
    </ClInclude>
    <ClInclude Include="KeysStruct.h">
      <Filter>swtools</Filter>
    </ClInclude>
    <ClInclude Include="SwShared.h">
      <Filter>swtools</Filter>
    </ClInclude>
    <ClInclude Include="SwAutostart.h">
      <Filter>swtools</Filter>
    </ClInclude>
    <ClInclude Include="SwUtils.h">
      <Filter>swtools</Filter>
    </ClInclude>
    <ClInclude Include="sw-base.h">
      <Filter>swtools</Filter>
    </ClInclude>
    <ClInclude Include="swlocal.h">
      <Filter>Localization</Filter>
    </ClInclude>
    <ClInclude Include="SwGui.h">
      <Filter>gui_winapi</Filter>
    </ClInclude>
    <ClInclude Include="CMainWorker.h">
      <Filter>main</Filter>
    </ClInclude>
    <ClInclude Include="consts.h">
      <Filter>main</Filter>
    </ClInclude>
    <ClInclude Include="Hooker.h">
      <Filter>main</Filter>
    </ClInclude>
    <ClInclude Include="HookerWorker.h">
      <Filter>main</Filter>
    </ClInclude>
    <ClInclude Include="KeyTools.h">
      <Filter>main</Filter>
    </ClInclude>
    <ClInclude Include="LuaConfig.h">
      <Filter>main</Filter>
    </ClInclude>
    <ClInclude Include="ProcDll.h">
      <Filter>main</Filter>
    </ClInclude>
    <ClInclude Include="Settings.h">
      <Filter>main</Filter>
    </ClInclude>
    <ClInclude Include="SimpleSwitcher.h">
      <Filter>main</Filter>
    </ClInclude>
    <ClInclude Include="targetver.h">
      <Filter>main</Filter>
    </ClInclude>
    <ClInclude Include="ver.h">
      <Filter>main</Filter>
    </ClInclude>
    <ClInclude Include="CClipWorker.h">
      <Filter>main</Filter>
    </ClInclude>
    <ClInclude Include="CaseAnalazer.h">
      <Filter>main</Filter>
    </ClInclude>
    <ClInclude Include="resource1.h">
      <Filter>Resource Files</Filter>
    </ClInclude>
    <ClInclude Include="Resource.h">
      <Filter>Resource Files</Filter>
    </ClInclude>
  </ItemGroup>
  <ItemGroup>
    <ResourceCompile Include="SimpleSwitcherQt.rc">
      <Filter>Resource Files</Filter>
    </ResourceCompile>
    <ResourceCompile Include="SimpleSwitcher.rc">
      <Filter>Resource Files</Filter>
    </ResourceCompile>
  </ItemGroup>
  <ItemGroup>
    <Manifest Include="simpleswitcher.manifest">
      <Filter>main</Filter>
    </Manifest>
  </ItemGroup>
  <ItemGroup>
    <None Include="version.rc2">
      <Filter>Resource Files</Filter>
    </None>
    <None Include="cpp.hint" />
    <None Include="ChangeHotKey.qml">
      <Filter>gui_qt</Filter>
    </None>
  </ItemGroup>
  <ItemGroup>
    <Image Include="favicon.ico">
      <Filter>Resource Files</Filter>
    </Image>
  </ItemGroup>
</Project>