<?xml version="1.0" encoding="utf-8"?>
<Project ToolsVersion="4.0" xmlns="http://schemas.microsoft.com/developer/msbuild/2003">
  <ItemGroup>
    <Filter Include="src">
      <UniqueIdentifier>{67a85196-8a95-4449-8de3-31071461aafc}</UniqueIdentifier>
    </Filter>
  </ItemGroup>
  <ItemGroup>
    <ClCompile Include="package\src\lapi.c">
      <Filter>src</Filter>
    </ClCompile>
    <ClCompile Include="package\src\lauxlib.c">
      <Filter>src</Filter>
    </ClCompile>
    <ClCompile Include="package\src\lbaselib.c">
      <Filter>src</Filter>
    </ClCompile>
    <ClCompile Include="package\src\lbitlib.c">
      <Filter>src</Filter>
    </ClCompile>
    <ClCompile Include="package\src\lcode.c">
      <Filter>src</Filter>
    </ClCompile>
    <ClCompile Include="package\src\lcorolib.c">
      <Filter>src</Filter>
    </ClCompile>
    <ClCompile Include="package\src\lctype.c">
      <Filter>src</Filter>
    </ClCompile>
    <ClCompile Include="package\src\ldblib.c">
      <Filter>src</Filter>
    </ClCompile>
    <ClCompile Include="package\src\ldebug.c">
      <Filter>src</Filter>
    </ClCompile>
    <ClCompile Include="package\src\ldo.c">
      <Filter>src</Filter>
    </ClCompile>
    <ClCompile Include="package\src\ldump.c">
      <Filter>src</Filter>
    </ClCompile>
    <ClCompile Include="package\src\lfunc.c">
      <Filter>src</Filter>
    </ClCompile>
    <ClCompile Include="package\src\lgc.c">
      <Filter>src</Filter>
    </ClCompile>
    <ClCompile Include="package\src\linit.c">
      <Filter>src</Filter>
    </ClCompile>
    <ClCompile Include="package\src\liolib.c">
      <Filter>src</Filter>
    </ClCompile>
    <ClCompile Include="package\src\llex.c">
      <Filter>src</Filter>
    </ClCompile>
    <ClCompile Include="package\src\lmathlib.c">
      <Filter>src</Filter>
    </ClCompile>
    <ClCompile Include="package\src\lmem.c">
      <Filter>src</Filter>
    </ClCompile>
    <ClCompile Include="package\src\loadlib.c">
      <Filter>src</Filter>
    </ClCompile>
    <ClCompile Include="package\src\lobject.c">
      <Filter>src</Filter>
    </ClCompile>
    <ClCompile Include="package\src\lopcodes.c">
      <Filter>src</Filter>
    </ClCompile>
    <ClCompile Include="package\src\loslib.c">
      <Filter>src</Filter>
    </ClCompile>
    <ClCompile Include="package\src\lparser.c">
      <Filter>src</Filter>
    </ClCompile>
    <ClCompile Include="package\src\lstate.c">
      <Filter>src</Filter>
    </ClCompile>
    <ClCompile Include="package\src\lstring.c">
      <Filter>src</Filter>
    </ClCompile>
    <ClCompile Include="package\src\lstrlib.c">
      <Filter>src</Filter>
    </ClCompile>
    <ClCompile Include="package\src\ltable.c">
      <Filter>src</Filter>
    </ClCompile>
    <ClCompile Include="package\src\ltablib.c">
      <Filter>src</Filter>
    </ClCompile>
    <ClCompile Include="package\src\ltm.c">
      <Filter>src</Filter>
    </ClCompile>
    <ClCompile Include="package\src\lua.c">
      <Filter>src</Filter>
    </ClCompile>
    <ClCompile Include="package\src\luac.c">
      <Filter>src</Filter>
    </ClCompile>
    <ClCompile Include="package\src\lundump.c">
      <Filter>src</Filter>
    </ClCompile>
    <ClCompile Include="package\src\lutf8lib.c">
      <Filter>src</Filter>
    </ClCompile>
    <ClCompile Include="package\src\lvm.c">
      <Filter>src</Filter>
    </ClCompile>
    <ClCompile Include="package\src\lzio.c">
      <Filter>src</Filter>
    </ClCompile>
  </ItemGroup>
  <ItemGroup>
    <ClInclude Include="package\src\lapi.h">
      <Filter>src</Filter>
    </ClInclude>
    <ClInclude Include="package\src\lauxlib.h">
      <Filter>src</Filter>
    </ClInclude>
    <ClInclude Include="package\src\lcode.h">
      <Filter>src</Filter>
    </ClInclude>
    <ClInclude Include="package\src\lctype.h">
      <Filter>src</Filter>
    </ClInclude>
    <ClInclude Include="package\src\ldebug.h">
      <Filter>src</Filter>
    </ClInclude>
    <ClInclude Include="package\src\ldo.h">
      <Filter>src</Filter>
    </ClInclude>
    <ClInclude Include="package\src\lfunc.h">
      <Filter>src</Filter>
    </ClInclude>
    <ClInclude Include="package\src\lgc.h">
      <Filter>src</Filter>
    </ClInclude>
    <ClInclude Include="package\src\llex.h">
      <Filter>src</Filter>
    </ClInclude>
    <ClInclude Include="package\src\llimits.h">
      <Filter>src</Filter>
    </ClInclude>
    <ClInclude Include="package\src\lmem.h">
      <Filter>src</Filter>
    </ClInclude>
    <ClInclude Include="package\src\lobject.h">
      <Filter>src</Filter>
    </ClInclude>
    <ClInclude Include="package\src\lopcodes.h">
      <Filter>src</Filter>
    </ClInclude>
    <ClInclude Include="package\src\lparser.h">
      <Filter>src</Filter>
    </ClInclude>
    <ClInclude Include="package\src\lprefix.h">
      <Filter>src</Filter>
    </ClInclude>
    <ClInclude Include="package\src\lstate.h">
      <Filter>src</Filter>
    </ClInclude>
    <ClInclude Include="package\src\lstring.h">
      <Filter>src</Filter>
    </ClInclude>
    <ClInclude Include="package\src\ltable.h">
      <Filter>src</Filter>
    </ClInclude>
    <ClInclude Include="package\src\ltm.h">
      <Filter>src</Filter>
    </ClInclude>
    <ClInclude Include="package\src\lua.h">
      <Filter>src</Filter>
    </ClInclude>
    <ClInclude Include="package\src\lua.hpp">
      <Filter>src</Filter>
    </ClInclude>
    <ClInclude Include="package\src\luaconf.h">
      <Filter>src</Filter>
    </ClInclude>
    <ClInclude Include="package\src\lualib.h">
      <Filter>src</Filter>
    </ClInclude>
    <ClInclude Include="package\src\lundump.h">
      <Filter>src</Filter>
    </ClInclude>
    <ClInclude Include="package\src\lvm.h">
      <Filter>src</Filter>
    </ClInclude>
    <ClInclude Include="package\src\lzio.h">
      <Filter>src</Filter>
    </ClInclude>
  </ItemGroup>
</Project>